
Microsoft Visual Studio Solution File, Format Version 12.00
# Visual Studio 15
Project("{FAE04EC0-301F-11D3-BF4B-00C04F79EFBC}") = "OneTouch.Android", "OneTouch.Android\OneTouch.Android.csproj", "{069701DB-BFA5-4E1A-AC80-D2BF2B1234EB}"
EndProject
Project("{FAE04EC0-301F-11D3-BF4B-00C04F79EFBC}") = "OneTouch.iOS", "OneTouch.iOS\OneTouch.iOS.csproj", "{F827CC69-C6CB-4473-9176-0A10A7CB3E68}"
EndProject
Project("{FAE04EC0-301F-11D3-BF4B-00C04F79EFBC}") = "OneTouch.UITests", "OneTouch.UITests\OneTouch.UITests.csproj", "{C1DDC274-FE83-4261-80BB-711AFF4EDE81}"
EndProject
Project("{FAE04EC0-301F-11D3-BF4B-00C04F79EFBC}") = "OneTouch", "OneTouch\OneTouch.csproj", "{3B9B2E6E-7BFE-4A34-81CB-E4DAA5098A8B}"
EndProject
Global
	GlobalSection(SolutionConfigurationPlatforms) = preSolution
		Debug|Any CPU = Debug|Any CPU
		Release|Any CPU = Release|Any CPU
		Debug|iPhoneSimulator = Debug|iPhoneSimulator
		Release|iPhoneSimulator = Release|iPhoneSimulator
		Debug|iPhone = Debug|iPhone
		Release|iPhone = Release|iPhone
	EndGlobalSection
	GlobalSection(ProjectConfigurationPlatforms) = postSolution
		{069701DB-BFA5-4E1A-AC80-D2BF2B1234EB}.Debug|Any CPU.ActiveCfg = Debug|Any CPU
		{069701DB-BFA5-4E1A-AC80-D2BF2B1234EB}.Debug|Any CPU.Build.0 = Debug|Any CPU
		{069701DB-BFA5-4E1A-AC80-D2BF2B1234EB}.Release|Any CPU.ActiveCfg = Release|Any CPU
		{069701DB-BFA5-4E1A-AC80-D2BF2B1234EB}.Release|Any CPU.Build.0 = Release|Any CPU
		{069701DB-BFA5-4E1A-AC80-D2BF2B1234EB}.Debug|iPhoneSimulator.ActiveCfg = Debug|Any CPU
		{069701DB-BFA5-4E1A-AC80-D2BF2B1234EB}.Debug|iPhoneSimulator.Build.0 = Debug|Any CPU
		{069701DB-BFA5-4E1A-AC80-D2BF2B1234EB}.Release|iPhoneSimulator.ActiveCfg = Release|Any CPU
		{069701DB-BFA5-4E1A-AC80-D2BF2B1234EB}.Release|iPhoneSimulator.Build.0 = Release|Any CPU
		{069701DB-BFA5-4E1A-AC80-D2BF2B1234EB}.Debug|iPhone.ActiveCfg = Debug|Any CPU
		{069701DB-BFA5-4E1A-AC80-D2BF2B1234EB}.Debug|iPhone.Build.0 = Debug|Any CPU
		{069701DB-BFA5-4E1A-AC80-D2BF2B1234EB}.Release|iPhone.ActiveCfg = Release|Any CPU
		{069701DB-BFA5-4E1A-AC80-D2BF2B1234EB}.Release|iPhone.Build.0 = Release|Any CPU
		{F827CC69-C6CB-4473-9176-0A10A7CB3E68}.Debug|Any CPU.ActiveCfg = Debug|iPhoneSimulator
		{F827CC69-C6CB-4473-9176-0A10A7CB3E68}.Debug|Any CPU.Build.0 = Debug|iPhoneSimulator
		{F827CC69-C6CB-4473-9176-0A10A7CB3E68}.Release|Any CPU.ActiveCfg = Release|iPhoneSimulator
		{F827CC69-C6CB-4473-9176-0A10A7CB3E68}.Release|Any CPU.Build.0 = Release|iPhoneSimulator
		{F827CC69-C6CB-4473-9176-0A10A7CB3E68}.Debug|iPhoneSimulator.ActiveCfg = Debug|iPhoneSimulator
		{F827CC69-C6CB-4473-9176-0A10A7CB3E68}.Debug|iPhoneSimulator.Build.0 = Debug|iPhoneSimulator
		{F827CC69-C6CB-4473-9176-0A10A7CB3E68}.Release|iPhoneSimulator.ActiveCfg = Release|iPhoneSimulator
		{F827CC69-C6CB-4473-9176-0A10A7CB3E68}.Release|iPhoneSimulator.Build.0 = Release|iPhoneSimulator
		{F827CC69-C6CB-4473-9176-0A10A7CB3E68}.Debug|iPhone.ActiveCfg = Debug|iPhone
		{F827CC69-C6CB-4473-9176-0A10A7CB3E68}.Debug|iPhone.Build.0 = Debug|iPhone
		{F827CC69-C6CB-4473-9176-0A10A7CB3E68}.Release|iPhone.ActiveCfg = Release|iPhone
		{F827CC69-C6CB-4473-9176-0A10A7CB3E68}.Release|iPhone.Build.0 = Release|iPhone
		{C1DDC274-FE83-4261-80BB-711AFF4EDE81}.Debug|Any CPU.ActiveCfg = Debug|Any CPU
		{C1DDC274-FE83-4261-80BB-711AFF4EDE81}.Debug|Any CPU.Build.0 = Debug|Any CPU
		{C1DDC274-FE83-4261-80BB-711AFF4EDE81}.Release|Any CPU.ActiveCfg = Release|Any CPU
		{C1DDC274-FE83-4261-80BB-711AFF4EDE81}.Release|Any CPU.Build.0 = Release|Any CPU
		{C1DDC274-FE83-4261-80BB-711AFF4EDE81}.Debug|iPhoneSimulator.ActiveCfg = Debug|Any CPU
		{C1DDC274-FE83-4261-80BB-711AFF4EDE81}.Debug|iPhoneSimulator.Build.0 = Debug|Any CPU
		{C1DDC274-FE83-4261-80BB-711AFF4EDE81}.Release|iPhoneSimulator.ActiveCfg = Release|Any CPU
		{C1DDC274-FE83-4261-80BB-711AFF4EDE81}.Release|iPhoneSimulator.Build.0 = Release|Any CPU
		{C1DDC274-FE83-4261-80BB-711AFF4EDE81}.Debug|iPhone.ActiveCfg = Debug|Any CPU
		{C1DDC274-FE83-4261-80BB-711AFF4EDE81}.Debug|iPhone.Build.0 = Debug|Any CPU
		{C1DDC274-FE83-4261-80BB-711AFF4EDE81}.Release|iPhone.ActiveCfg = Release|Any CPU
		{C1DDC274-FE83-4261-80BB-711AFF4EDE81}.Release|iPhone.Build.0 = Release|Any CPU
		{3B9B2E6E-7BFE-4A34-81CB-E4DAA5098A8B}.Debug|Any CPU.ActiveCfg = Debug|Any CPU
		{3B9B2E6E-7BFE-4A34-81CB-E4DAA5098A8B}.Debug|Any CPU.Build.0 = Debug|Any CPU
		{3B9B2E6E-7BFE-4A34-81CB-E4DAA5098A8B}.Release|Any CPU.ActiveCfg = Release|Any CPU
		{3B9B2E6E-7BFE-4A34-81CB-E4DAA5098A8B}.Release|Any CPU.Build.0 = Release|Any CPU
		{3B9B2E6E-7BFE-4A34-81CB-E4DAA5098A8B}.Debug|iPhoneSimulator.ActiveCfg = Debug|Any CPU
		{3B9B2E6E-7BFE-4A34-81CB-E4DAA5098A8B}.Debug|iPhoneSimulator.Build.0 = Debug|Any CPU
		{3B9B2E6E-7BFE-4A34-81CB-E4DAA5098A8B}.Release|iPhoneSimulator.ActiveCfg = Release|Any CPU
		{3B9B2E6E-7BFE-4A34-81CB-E4DAA5098A8B}.Release|iPhoneSimulator.Build.0 = Release|Any CPU
		{3B9B2E6E-7BFE-4A34-81CB-E4DAA5098A8B}.Debug|iPhone.ActiveCfg = Debug|Any CPU
		{3B9B2E6E-7BFE-4A34-81CB-E4DAA5098A8B}.Debug|iPhone.Build.0 = Debug|Any CPU
		{3B9B2E6E-7BFE-4A34-81CB-E4DAA5098A8B}.Release|iPhone.ActiveCfg = Release|Any CPU
		{3B9B2E6E-7BFE-4A34-81CB-E4DAA5098A8B}.Release|iPhone.Build.0 = Release|Any CPU
	EndGlobalSection
EndGlobal
