Microsoft Visual Studio Solution File, Format Version 12.00
# Visual Studio Version 16
VisualStudioVersion = 16.0.30011.22
MinimumVisualStudioVersion = 10.0.40219.1
Project("{FAE04EC0-301F-11D3-BF4B-00C04F79EFBC}") = "MobileApp.Android", "OneTouch.Android\MobileApp.Android.csproj", "{069701DB-BFA5-4E1A-AC80-D2BF2B1234EB}"
EndProject
Project("{FAE04EC0-301F-11D3-BF4B-00C04F79EFBC}") = "MobileApp.iOS", "OneTouch.iOS\MobileApp.iOS.csproj", "{F827CC69-C6CB-4473-9176-0A10A7CB3E68}"
EndProject
Project("{9A19103F-16F7-4668-BE54-9A1E7A4F7556}") = "MobileApp", "OneTouch\MobileApp.csproj", "{3B9B2E6E-7BFE-4A34-81CB-E4DAA5098A8B}"
EndProject
Global
	GlobalSection(SolutionConfigurationPlatforms) = preSolution
		Debug|Any CPU = Debug|Any CPU
		Debug|iPhone = Debug|iPhone
		Debug|iPhoneSimulator = Debug|iPhoneSimulator
		Release|Any CPU = Release|Any CPU
		Release|iPhone = Release|iPhone
		Release|iPhoneSimulator = Release|iPhoneSimulator
	EndGlobalSection
	GlobalSection(ProjectConfigurationPlatforms) = postSolution
		{069701DB-BFA5-4E1A-AC80-D2BF2B1234EB}.Debug|Any CPU.ActiveCfg = Debug|Any CPU
		{069701DB-BFA5-4E1A-AC80-D2BF2B1234EB}.Debug|Any CPU.Build.0 = Debug|Any CPU
		{069701DB-BFA5-4E1A-AC80-D2BF2B1234EB}.Debug|Any CPU.Deploy.0 = Debug|Any CPU
		{069701DB-BFA5-4E1A-AC80-D2BF2B1234EB}.Debug|iPhone.ActiveCfg = Debug|Any CPU
		{069701DB-BFA5-4E1A-AC80-D2BF2B1234EB}.Debug|iPhone.Build.0 = Debug|Any CPU
		{069701DB-BFA5-4E1A-AC80-D2BF2B1234EB}.Debug|iPhoneSimulator.ActiveCfg = Debug|Any CPU
		{069701DB-BFA5-4E1A-AC80-D2BF2B1234EB}.Debug|iPhoneSimulator.Build.0 = Debug|Any CPU
		{069701DB-BFA5-4E1A-AC80-D2BF2B1234EB}.Release|Any CPU.ActiveCfg = Release|Any CPU
		{069701DB-BFA5-4E1A-AC80-D2BF2B1234EB}.Release|Any CPU.Build.0 = Release|Any CPU
		{069701DB-BFA5-4E1A-AC80-D2BF2B1234EB}.Release|iPhone.ActiveCfg = Release|Any CPU
		{069701DB-BFA5-4E1A-AC80-D2BF2B1234EB}.Release|iPhone.Build.0 = Release|Any CPU
		{069701DB-BFA5-4E1A-AC80-D2BF2B1234EB}.Release|iPhoneSimulator.ActiveCfg = Release|Any CPU
		{069701DB-BFA5-4E1A-AC80-D2BF2B1234EB}.Release|iPhoneSimulator.Build.0 = Release|Any CPU
		{F827CC69-C6CB-4473-9176-0A10A7CB3E68}.Debug|Any CPU.ActiveCfg = Debug|iPhoneSimulator
		{F827CC69-C6CB-4473-9176-0A10A7CB3E68}.Debug|Any CPU.Build.0 = Debug|iPhoneSimulator
		{F827CC69-C6CB-4473-9176-0A10A7CB3E68}.Debug|iPhone.ActiveCfg = Debug|iPhone
		{F827CC69-C6CB-4473-9176-0A10A7CB3E68}.Debug|iPhone.Build.0 = Debug|iPhone
		{F827CC69-C6CB-4473-9176-0A10A7CB3E68}.Debug|iPhoneSimulator.ActiveCfg = Debug|iPhoneSimulator
		{F827CC69-C6CB-4473-9176-0A10A7CB3E68}.Debug|iPhoneSimulator.Build.0 = Debug|iPhoneSimulator
		{F827CC69-C6CB-4473-9176-0A10A7CB3E68}.Release|Any CPU.ActiveCfg = Release|iPhoneSimulator
		{F827CC69-C6CB-4473-9176-0A10A7CB3E68}.Release|Any CPU.Build.0 = Release|iPhoneSimulator
		{F827CC69-C6CB-4473-9176-0A10A7CB3E68}.Release|iPhone.ActiveCfg = Release|iPhone
		{F827CC69-C6CB-4473-9176-0A10A7CB3E68}.Release|iPhone.Build.0 = Release|iPhone
		{F827CC69-C6CB-4473-9176-0A10A7CB3E68}.Release|iPhoneSimulator.ActiveCfg = Release|iPhoneSimulator
		{F827CC69-C6CB-4473-9176-0A10A7CB3E68}.Release|iPhoneSimulator.Build.0 = Release|iPhoneSimulator
		{3B9B2E6E-7BFE-4A34-81CB-E4DAA5098A8B}.Debug|Any CPU.ActiveCfg = Debug|Any CPU
		{3B9B2E6E-7BFE-4A34-81CB-E4DAA5098A8B}.Debug|Any CPU.Build.0 = Debug|Any CPU
		{3B9B2E6E-7BFE-4A34-81CB-E4DAA5098A8B}.Debug|iPhone.ActiveCfg = Debug|Any CPU
		{3B9B2E6E-7BFE-4A34-81CB-E4DAA5098A8B}.Debug|iPhone.Build.0 = Debug|Any CPU
		{3B9B2E6E-7BFE-4A34-81CB-E4DAA5098A8B}.Debug|iPhoneSimulator.ActiveCfg = Debug|Any CPU
		{3B9B2E6E-7BFE-4A34-81CB-E4DAA5098A8B}.Debug|iPhoneSimulator.Build.0 = Debug|Any CPU
		{3B9B2E6E-7BFE-4A34-81CB-E4DAA5098A8B}.Release|Any CPU.ActiveCfg = Release|Any CPU
		{3B9B2E6E-7BFE-4A34-81CB-E4DAA5098A8B}.Release|Any CPU.Build.0 = Release|Any CPU
		{3B9B2E6E-7BFE-4A34-81CB-E4DAA5098A8B}.Release|iPhone.ActiveCfg = Release|Any CPU
		{3B9B2E6E-7BFE-4A34-81CB-E4DAA5098A8B}.Release|iPhone.Build.0 = Release|Any CPU
		{3B9B2E6E-7BFE-4A34-81CB-E4DAA5098A8B}.Release|iPhoneSimulator.ActiveCfg = Release|Any CPU
		{3B9B2E6E-7BFE-4A34-81CB-E4DAA5098A8B}.Release|iPhoneSimulator.Build.0 = Release|Any CPU
	EndGlobalSection
	GlobalSection(SolutionProperties) = preSolution
		HideSolutionNode = FALSE
	EndGlobalSection
	GlobalSection(ExtensibilityGlobals) = postSolution
		SolutionGuid = {1BC4EFBA-A99C-4231-8C8A-6DFF38190231}
	EndGlobalSection
EndGlobal
